[[package]]
category = "dev"
description = "Atomic file writes."
name = "atomicwrites"
optional = false
python-versions = ">=2.7, !=3.0.*, !=3.1.*, !=3.2.*, !=3.3.*"
version = "1.3.0"

[[package]]
category = "main"
description = "Classes Without Boilerplate"
name = "attrs"
optional = false
python-versions = ">=2.7, !=3.0.*, !=3.1.*, !=3.2.*, !=3.3.*"
version = "19.1.0"

[[package]]
category = "main"
description = "('The Blis BLAS-like linear algebra library, as a self-contained C-extension.',)"
name = "blis"
optional = false
python-versions = "*"
version = "0.2.4"

[package.dependencies]
numpy = ">=1.15.0"

[[package]]
category = "main"
description = "A decorator for caching properties in classes."
name = "cached-property"
optional = false
python-versions = "*"
version = "1.5.1"

[[package]]
category = "main"
description = "Python package for providing Mozilla's CA Bundle."
name = "certifi"
optional = false
python-versions = "*"
version = "2019.3.9"

[[package]]
category = "main"
description = "Universal encoding detector for Python 2 and 3"
name = "chardet"
optional = false
python-versions = "*"
version = "3.0.4"

[[package]]
category = "dev"
description = "Cross-platform colored terminal text."
marker = "sys_platform == \"win32\""
name = "colorama"
optional = false
python-versions = ">=2.7, !=3.0.*, !=3.1.*, !=3.2.*, !=3.3.*"
version = "0.4.1"

[[package]]
category = "main"
description = "Manage calls to calloc/free through Cython"
name = "cymem"
optional = false
python-versions = "*"
version = "2.0.2"

[[package]]
category = "main"
description = "A backport of the dataclasses module for Python 3.6"
marker = "python_version >= \"3.6\" and python_version < \"3.7\" or python_version < \"3.7\""
name = "dataclasses"
optional = false
python-versions = "*"
version = "0.6"

[[package]]
category = "dev"
description = "serialize all of python"
name = "dill"
optional = false
python-versions = ">=2.5, !=3.0.*"
version = "0.2.9"

[[package]]
category = "main"
description = "Internationalized Domain Names in Applications (IDNA)"
name = "idna"
optional = false
python-versions = ">=2.7, !=3.0.*, !=3.1.*, !=3.2.*, !=3.3.*"
version = "2.8"

[[package]]
category = "main"
description = "An implementation of JSON Schema validation for Python"
name = "jsonschema"
optional = false
python-versions = "*"
version = "3.0.1"

[package.dependencies]
attrs = ">=17.4.0"
pyrsistent = ">=0.14.0"
setuptools = "*"
six = ">=1.11.0"

[[package]]
category = "main"
description = "More routines for operating on iterables, beyond itertools"
name = "more-itertools"
optional = false
python-versions = ">=3.4"
version = "7.0.0"

[[package]]
category = "main"
description = "Cython bindings for MurmurHash"
name = "murmurhash"
optional = false
python-versions = "*"
version = "1.0.2"

[[package]]
category = "main"
description = "NumPy is the fundamental package for array computing with Python."
name = "numpy"
optional = false
python-versions = ">=2.7,!=3.0.*,!=3.1.*,!=3.2.*,!=3.3.*"
version = "1.16.3"

[[package]]
category = "main"
description = "A MutableSet that remembers its order, so that every entry has an index."
name = "ordered-set"
optional = false
python-versions = ">=2.7"
version = "3.1.1"

[[package]]
category = "main"
description = "Stubs with type annotations for ordered-set Python library"
name = "ordered-set-stubs"
optional = false
python-versions = ">=2.7, !=3.0.*, !=3.1.*, !=3.2.*"
version = "0.1.3"

[[package]]
category = "main"
description = "The smartest command line arguments parser in the world"
name = "plac"
optional = false
python-versions = "*"
version = "0.9.6"

[[package]]
category = "dev"
description = "plugin and hook calling mechanisms for python"
name = "pluggy"
optional = false
python-versions = ">=2.7, !=3.0.*, !=3.1.*, !=3.2.*, !=3.3.*"
version = "0.11.0"

[[package]]
category = "main"
description = "Python library for extracting version from poetry pyproject.toml file"
name = "poetry-version"
optional = false
python-versions = ">=2.7, !=3.0.*, !=3.1.*, !=3.2.*, !=3.3.*"
version = "0.1.3"

[package.dependencies]
tomlkit = ">=0.4.6,<0.6.0"

[[package]]
category = "main"
description = "Cython hash table that trusts the keys are pre-hashed"
name = "preshed"
optional = false
python-versions = "*"
version = "2.0.1"

[package.dependencies]
cymem = ">=2.0.2,<2.1.0"

[[package]]
category = "dev"
description = "library with cross-python path, ini-parsing, io, code, log facilities"
name = "py"
optional = false
python-versions = ">=2.7, !=3.0.*, !=3.1.*, !=3.2.*, !=3.3.*"
version = "1.8.0"

[[package]]
category = "main"
description = "Data validation and settings management using python 3.6 type hinting"
name = "pydantic"
optional = false
python-versions = ">=3.6"
version = "0.21"

[package.dependencies]
[package.dependencies.dataclasses]
python = "<3.7"
version = ">=0.6"

[[package]]
category = "main"
description = "Persistent/Functional/Immutable data structures"
name = "pyrsistent"
optional = false
python-versions = "*"
version = "0.15.2"

[package.dependencies]
six = "*"

[[package]]
category = "dev"
description = "pytest: simple powerful testing with Python"
name = "pytest"
optional = false
python-versions = ">=2.7, !=3.0.*, !=3.1.*, !=3.2.*, !=3.3.*"
version = "3.10.1"

[package.dependencies]
atomicwrites = ">=1.0"
attrs = ">=17.4.0"
colorama = "*"
more-itertools = ">=4.0.0"
pluggy = ">=0.7"
py = ">=1.5.0"
setuptools = "*"
six = ">=1.10.0"

[[package]]
category = "main"
description = "Python client for Redis key-value store"
name = "redis"
optional = false
python-versions = ">=2.7, !=3.0.*, !=3.1.*, !=3.2.*, !=3.3.*"
version = "3.2.1"

[[package]]
category = "main"
description = "Python HTTP for Humans."
name = "requests"
optional = false
python-versions = ">=2.7, !=3.0.*, !=3.1.*, !=3.2.*, !=3.3.*, !=3.4.*"
version = "2.22.0"

[package.dependencies]
certifi = ">=2017.4.17"
chardet = ">=3.0.2,<3.1.0"
idna = ">=2.5,<2.9"
urllib3 = ">=1.21.1,<1.25.0 || >1.25.0,<1.25.1 || >1.25.1,<1.26"

[[package]]
category = "main"
description = "ruamel.yaml is a YAML parser/emitter that supports roundtrip preservation of comments, seq/map flow style, and map key order"
name = "ruamel.yaml"
optional = false
python-versions = "*"
version = "0.15.96"

[[package]]
category = "main"
description = "Python 2 and 3 compatibility utilities"
name = "six"
optional = false
python-versions = ">=2.6, !=3.0.*, !=3.1.*"
version = "1.12.0"

[[package]]
category = "main"
description = "Industrial-strength Natural Language Processing (NLP) with Python and Cython"
name = "spacy"
optional = false
python-versions = ">=2.7,!=3.0.*,!=3.1.*,!=3.2.*,!=3.3.*"
version = "2.1.4"

[package.dependencies]
blis = ">=0.2.2,<0.3.0"
cymem = ">=2.0.2,<2.1.0"
jsonschema = ">=2.6.0,<3.1.0"
murmurhash = ">=0.28.0,<1.1.0"
numpy = ">=1.15.0"
plac = ">=0.9.6,<1.0.0"
preshed = ">=2.0.1,<2.1.0"
requests = ">=2.13.0,<3.0.0"
srsly = ">=0.0.5,<1.1.0"
thinc = ">=7.0.2,<7.1.0"
wasabi = ">=0.2.0,<1.1.0"

[[package]]
category = "main"
description = "Modern high-performance serialization utilities for Python"
name = "srsly"
optional = false
python-versions = "*"
version = "0.0.5"

[[package]]
category = "main"
description = "Practical Machine Learning for NLP"
name = "thinc"
optional = false
python-versions = "*"
version = "7.0.4"

[package.dependencies]
blis = ">=0.2.1,<0.3.0"
cymem = ">=2.0.2,<2.1.0"
murmurhash = ">=0.28.0,<1.1.0"
numpy = ">=1.7.0"
plac = ">=0.9.6,<1.0.0"
preshed = ">=1.0.1,<2.1.0"
srsly = ">=0.0.5,<1.1.0"
tqdm = ">=4.10.0,<5.0.0"
wasabi = ">=0.0.9,<1.1.0"

[[package]]
category = "main"
description = "Style preserving TOML library"
name = "tomlkit"
optional = false
python-versions = ">=2.7, !=3.0.*, !=3.1.*, !=3.2.*, !=3.3.*"
version = "0.5.3"

[[package]]
category = "main"
description = "Fast, Extensible Progress Meter"
name = "tqdm"
optional = false
python-versions = ">=2.6, !=3.0.*, !=3.1.*"
version = "4.32.1"

[[package]]
category = "main"
description = "HTTP library with thread-safe connection pooling, file post, and more."
name = "urllib3"
optional = false
python-versions = ">=2.7, !=3.0.*, !=3.1.*, !=3.2.*, !=3.3.*, <4"
version = "1.25.2"

[[package]]
category = "main"
description = "A lightweight console printing and formatting toolkit"
name = "wasabi"
optional = false
python-versions = "*"
version = "0.2.2"

[metadata]
content-hash = "91447f09828e6b79eae490887d7b61402ab7224e64b7391f7c299082278e7e7c"
python-versions = "^3.6"

[metadata.hashes]
atomicwrites = ["03472c30eb2c5d1ba9227e4c2ca66ab8287fbfbbda3888aa93dc2e28fc6811b4", "75a9445bac02d8d058d5e1fe689654ba5a6556a1dfd8ce6ec55a0ed79866cfa6"]
attrs = ["69c0dbf2ed392de1cb5ec704444b08a5ef81680a61cb899dc08127123af36a79", "f0b870f674851ecbfbbbd364d6b5cbdff9dcedbc7f3f5e18a6891057f21fe399"]
blis = ["039129410a338be8db8cf48c54334bd7c30da7e72bad2741e59313b1d242814b", "058f9109aaea9d4f88cb623a44994d96c8cf36448de3e1bd30210628d6b52e9e", "278d7b95e56cf82a6bef91cd8283eadc9401f2d3bdbbf2cdfdb605cf9081c36e", "2d4ca1508fd6229c7994fc17ba324083a5b83f66612c8ea62623a41a1768b030", "51a54bad6175e9b154beeb628a879ed492ee2247c9e40c77bdf6fc772145130c", "886b313f96d4e268a0587e98c1637d963c73defa8de51e2e6b0d0bd00f16afbb", "9f12e6f1e4b10dbb1e0e34e98f60e8435058a60d544a009cb761351fe1d12cad", "a54d4fa1908d586f8bce9851a453cb89d1542e9aca65b8b88e9bb9432d626f80", "b9d6cef13d95e3752320cd942df25e09160a6f9dfc3d7b41af7cdc772ab18270", "d571464d195a950e60bf1547c8914d4da50952e06a0f38cea7b0829d0a4b985a", "d616d64c85e6be92d69a1410dc58146cb9603fd1eb148f9ee512b8fddfd789f6", "e477c7eaacf7dcccbb190a29559579efb287ecf5c2a9a7a6f9acb0452899f033", "e6ae1986625af86f90f111f9d2d284b9e45fddfe56cf40524cdd9417a6a33b87"]
cached-property = ["3a026f1a54135677e7da5ce819b0c690f156f37976f3e30c5430740725203d7f", "9217a59f14a5682da7c4b8829deadbfc194ac22e9908ccf7c8820234e80a1504"]
certifi = ["59b7658e26ca9c7339e00f8f4636cdfe59d34fa37b9b04f6f9e9926b3cece1a5", "b26104d6835d1f5e49452a26eb2ff87fe7090b89dfcaee5ea2212697e1e1d7ae"]
chardet = ["84ab92ed1c4d4f16916e05906b6b75a6c0fb5db821cc65e70cbd64a3e2a5eaae", "fc323ffcaeaed0e0a02bf4d117757b98aed530d9ed4531e3e15460124c106691"]
colorama = ["05eed71e2e327246ad6b38c540c4a3117230b19679b875190486ddd2d721422d", "f8ac84de7840f5b9c4e3347b3c1eaa50f7e49c2b07596221daec5edaabbd7c48"]
cymem = ["081c652ae1aff4759813e93a2fc4df4ba410ce214a0e542988e24c62110d4cd0", "0e447fa4cb6dccd0b96257a798370a17bef3ec254a527230058e41816a777c04", "2c8267dcb15cc6ab318f01ceaf16b8440c0386ae44014d5b22fefe5b0398d05c", "46141111eedbb5b0d8c9386b00226a15f5727a1202b9095f4363d425f259267e", "4994c1f3e948bd58a6e38c905221680563b851983a15f1f01e5ff415d560d153", "584872fd3df176e50c90e37aaca6cb731ac0abcdea4f5b8ad77c30674cfaaa99", "6e3194135b21bb268030f3473beb8b674b356c330a9fa185dced2f5006cbd5ba", "71710ee0e946a6bd33c86dd9e71f95ad584c65e8bb02615f00ceb0d8348fb303", "741957f541fb8322de5a8c711d5d58f80d684225d2aec32fec92484cac931a52", "7f01ba6153427811cd7d35630081c69b32c188a1d330599a826ef3bf17edbd7c", "8d96e95902e781950d7c255b19364a1ed50a204843d63dd386b0abc5e6df5e44", "8dd169ece1629ec4db1a592321e3ae0a9bb62fda2052a351fc36871f314c3569", "8e6ad29636edd559b0dfe0a19c5cb5e6257461a5df90839e8c7710ddb005f4b4", "9935b233882732f03fd0fadbeb9e9aa672edcdd126e6d52c36d60adf1def8ea5", "a38b3229782411e4b23240f5f90000c4e7a834af88ed8763c66f8e4603db6b51", "a5966b3171bad9c84a2b19dccda5ab37ae8437c0709a6b72cb42b64ea76a4bd3", "ab88b1534f06df07262d9bc5efb3ba07948cdbe9a363eb9eaa4ad42fae6c7b5e", "b08b0dd7adafbff9f0fd7dc8dcad5f3ce6f23c126c81ad8d1666880cc94e6974", "ba47b571d480c0b76d282ff1634372070031d4998a46ae5d8305d49563b74ca6", "bf049dc9cf0d3aa4a48ba514b7f1699fb6f35b18ad8c6f018bd13e0bccd9d30c", "c46a122c524a3270ac5249f590ac2f75f1a83692a3d3a03479cea49de72a0a89", "c63337aa7e1ad4ec182cc7847c6d85390589fbbf1f9f67d1fde8133a9acb7fa8", "ec51273ea08a2c6389bc4dd6b5183354826d916b149a041f2f274431166191bc"]
dataclasses = ["454a69d788c7fda44efd71e259be79577822f5e3f53f029a22d08004e951dc9f", "6988bd2b895eef432d562370bb707d540f32f7360ab13da45340101bc2307d84"]
dill = ["f6d6046f9f9195206063dd0415dff185ad593d6ee8b0e67f12597c0f4df4986f"]
idna = ["c357b3f628cf53ae2c4c05627ecc484553142ca23264e593d327bcde5e9c3407", "ea8b7f6188e6fa117537c3df7da9fc686d485087abf6ac197f9c46432f7e4a3c"]
jsonschema = ["0c0a81564f181de3212efa2d17de1910f8732fa1b71c42266d983cd74304e20d", "a5f6559964a3851f59040d3b961de5e68e70971afb88ba519d27e6a039efff1a"]
more-itertools = ["2112d2ca570bb7c3e53ea1a35cd5df42bb0fd10c45f0fb97178679c3c03d64c7", "c3e4748ba1aad8dba30a4886b0b1a2004f9a863837b8654e7059eebf727afa5a"]
murmurhash = ["27b908fe4bdb426f4e4e4a8821acbe0302915b2945e035ec9d8ca513e2a74b1f", "33405103fa8cde15d72ee525a03d5cfe2c7e4901133819754810986e29627d68", "386a9eed3cb27cb2cd4394b6521275ba04552642c2d9cab5c9fb42aa5a3325c0", "3af36a0dc9f13f6892d9b8b39a6a3ccf216cae5bce38adc7c2d145677987772f", "717196a04cdc80cc3103a3da17b2415a8a5e1d0d578b7079259386bf153b3258", "8a4ed95cd3456b43ea301679c7c39ade43fc18b844b37d0ba0ac0d6acbff8e0c", "a6c071b4b498bcea16a8dc8590cad81fa8d43821f34c74bc00f96499e2527073", "b0afe329701b59d02e56bc6cee7325af83e3fee9c299c615fc1df3202b4f886f", "ba766343bdbcb928039b8fff609e80ae7a5fd5ed7a4fc5af822224b63e0cbaff", "bf33490514d308bcc27ed240cb3eb114f1ec31af031535cd8f27659a7049bd52", "c7a646f6b07b033642b4f52ae2e45efd8b80780b3b90e8092a0cec935fbf81e2", "d696c394ebd164ca80b5871e2e9ad2f9fdbb81bd3c552c1d5f1e8ee694e6204a", "fe344face8d30a5a6aa26e5acf288aa2a8f0f32e05efdda3d314b4bf289ec2af"]
numpy = ["0e2eed77804b2a6a88741f8fcac02c5499bba3953ec9c71e8b217fad4912c56c", "1c666f04553ef70fda54adf097dbae7080645435fc273e2397f26bbf1d127bbb", "1f46532afa7b2903bfb1b79becca2954c0a04389d19e03dc73f06b039048ac40", "315fa1b1dfc16ae0f03f8fd1c55f23fd15368710f641d570236f3d78af55e340", "3d5fcea4f5ed40c3280791d54da3ad2ecf896f4c87c877b113576b8280c59441", "48241759b99d60aba63b0e590332c600fc4b46ad597c9b0a53f350b871ef0634", "4b4f2924b36d857cf302aec369caac61e43500c17eeef0d7baacad1084c0ee84", "54fe3b7ed9e7eb928bbc4318f954d133851865f062fa4bbb02ef8940bc67b5d2", "5a8f021c70e6206c317974c93eaaf9bc2b56295b6b1cacccf88846e44a1f33fc", "754a6be26d938e6ca91942804eb209307b73f806a1721176278a6038869a1686", "771147e654e8b95eea1293174a94f34e2e77d5729ad44aefb62fbf8a79747a15", "78a6f89da87eeb48014ec652a65c4ffde370c036d780a995edaeb121d3625621", "7fde5c2a3a682a9e101e61d97696687ebdba47637611378b4127fe7e47fdf2bf", "80d99399c97f646e873dd8ce87c38cfdbb668956bbc39bc1e6cac4b515bba2a0", "88a72c1e45a0ae24d1f249a529d9f71fe82e6fa6a3fd61414b829396ec585900", "a4f4460877a16ac73302a9c077ca545498d9fe64e6a81398d8e1a67e4695e3df", "a61255a765b3ac73ee4b110b28fccfbf758c985677f526c2b4b39c48cc4b509d", "ab4896a8c910b9a04c0142871d8800c76c8a2e5ff44763513e1dd9d9631ce897", "abbd6b1c2ef6199f4b7ca9f818eb6b31f17b73a6110aadc4e4298c3f00fab24e", "b16d88da290334e33ea992c56492326ea3b06233a00a1855414360b77ca72f26", "b78a1defedb0e8f6ae1eb55fa6ac74ab42acc4569c3a2eacc2a407ee5d42ebcb", "cfef82c43b8b29ca436560d51b2251d5117818a8d1fb74a8384a83c096745dad", "d160e57731fcdec2beda807ebcabf39823c47e9409485b5a3a1db3a8c6ce763e"]
ordered-set = ["a7bfa858748c73b096e43db14eb23e2bc714a503f990c89fac8fab9b0ee79724"]
ordered-set-stubs = ["29274ae21ca2cfc127874042461996e748bb3c68ae7618ffd0028309554e2dff", "4f76c7470a4e364feb51fe42c4bcd968c8ff9dab520aff9287b394e14da1d1ee"]
plac = ["854693ad90367e8267112ffbb8955f57d6fdeac3191791dc9ffce80f87fd2370", "ba3f719a018175f0a15a6b04e6cc79c25fd563d348aacd320c3644d2a9baf89b"]
pluggy = ["25a1bc1d148c9a640211872b4ff859878d422bccb59c9965e04eed468a0aa180", "964cedd2b27c492fbf0b7f58b3284a09cf7f99b0f715941fb24a439b3af1bd1a"]
poetry-version = ["75d3f7ae3ede0539529a81170e77441bc753827f5a1de20ec8174877471d8eaf", "d0edca96a5798e668fb81cdc5941975d1cb0b6020df4b95464b2939605654617"]
preshed = ["0c9af79c7b825793f987d477627efb81afd23384ac791bebbc88a257342a77ab", "0ebc79431154bc5d12f97b3c93bc350af941702a44f0761dfcd395e970d693f8", "102e71dc841c979b2ece44ab05b2b0aa39c8039493ddac40dd22cf23e2484063", "15145b24eded01426544be829a6395d6c99e2d62f5f3b88a6e19087ebeef7237", "195674dfb4bcf18b26e448feaabdf61adcf028ae69ecaa075c0bdfaf62a19671", "38f7fbef59f89d3b2c8c3b102f9a7360cd73a33c829fdeb101c615b18ecc4686", "3aa411233dc230247ea4c4558062e5b2d59d41c697107a45fddbfe03e63f3e77", "3b8c7b607e6dce0843544cfe4f05355db0516fce8eca0c37d6b5f4f3680493bf", "4bda4153d46a603bc6ea65380dfa091d46700f664cb906c7f26a469be6c2a503", "541d7ed765d67512d6f9fa24fd01cc1d7a51c7ff2646362924f4db46813b485a", "593d23b9f851ae7a4d519ca4489dd2b352d833e08f5d35795d42a591b8badb54", "7f6fb8f4108abe958af892847ed50abe6f45aaf45a87853cc8154a7203e75d84", "7ff7f18af1f19ea666ac4fbf48842e6acd900fbfdc26bb9aad02f353ff932386", "9c0d503d8693bf1e08e0fa1cecbcd3253146abaa9a7501d7d583a72edd29fdd1", "9cefe818a97134c0ddf22ef76fced1c841ebd137c2895251c5d1310276c234b5", "9e603916a95dc524081d54c0a135611e6f68d787185d5df2b5ab3f076c3d1bd4", "a2acacceac79aa6d4b65125e20c7de78fbca1340a251854c87967acef1795490", "a3d592e7b265b4faf08c9b4d7493b9e8604e0ba8858cc9bd8c9aee41d3df2a3a", "b2030e68c6f539e6dd7bfcea032940042739ef05d50a2eb1d7af24e038971b0f", "bc894dc14d8567a5d6a1cded0a701da7fbb360b2124237fe8acde85333825aef", "c21d4d10cc0248ba3facbbbfbe63211ce921478a3d5db6de34de39ee1b3484e1", "dae01c74313965c487e0ec839e5f28d0c7df9bfd1d978aa5bada3f72ff20a9e5", "ee8068035684a4b382bebb3a3f270799360545baff9742b85e627a0a889e6850"]
py = ["64f65755aee5b381cea27766a3a147c3f15b9b6b9ac88676de66ba2ae36793fa", "dc639b046a6e2cff5bbe40194ad65936d6ba360b52b3c3fe1d08a82dd50b5e53"]
pydantic = ["93fa585402e7c8c01623ea8af6ca23363e8b4c6a020b7a2de9e99fa29d642d50", "eb441dd50779347a450494c437db3ecbb13c1f3854497df879662782af516c5c"]
pyrsistent = ["16692ee739d42cf5e39cef8d27649a8c1fdb7aa99887098f1460057c5eb75c3a"]
pytest = ["3f193df1cfe1d1609d4c583838bea3d532b18d6160fd3f55c9447fdca30848ec", "e246cf173c01169b9617fc07264b7b1316e78d7a650055235d6d897bc80d9660"]
redis = ["6946b5dca72e86103edc8033019cc3814c031232d339d5f4533b02ea85685175", "8ca418d2ddca1b1a850afa1680a7d2fd1f3322739271de4b704e0d4668449273"]
requests = ["11e007a8a2aa0323f5a921e9e6a2d7e4e67d9877e85773fba9ba6419025cbeb4", "9cf5292fcd0f598c671cfc1e0d7d1a7f13bb8085e9a590f48c010551dc6c4b31"]
"ruamel.yaml" = ["0372b039c2358db2e7a7d5c77f2a37c552bd45896936f430678b5f00ac9fef08", "12ebbba6447cfd61491ace18a6972d4edaab6615c933ae8a0016c27c27ee93b7", "1973a131a7b5a604653ffd904286e53334c08306b575bf964ae87f226d4956cd", "21c130c2741e8499ad92362d24f68aad70089e77b206e6e85d62e255e6017c92", "21c6287beabb96c9f51478506b00db269276d84aa41a61f29c88af397406b267", "2e07d11526c70bfb3a07c77d73c72b7fcfae21cc7f2252c7d6419e25b6349d23", "32755f26f46816e46bd74fd48c4db63ee500b68cbe2394b2943daab573d12a33", "343ace5ffbab036536a3da65e4cfd31b8292388a389f6305744984581a479b2a", "3de37e2de83fa4016886bf40069e9cc7816b51a1f57687e6872cb414f891a573", "809db4d5213bfb0205e2dcc6118fbfa348e3ae39f3d8f6810e3e6831f3070321", "8810319a64d4cf5701feb7c2833b03f8bd29e1d6753e4b97cf977f889eb6354d", "8b91affdcab942ab1319d8d24345a3de8e0e70fd2871d5bb61e19e32b5ae31d9", "8e3d51a2d20a982a6eb38b0b9bcecdd2acacdcf2137081b0a744ca98cdcca9af", "97cc58bff414bf40b8b909aeadaa669becad35e182a2b229d0c3d6c9a34e1f15", "a6f4f214d6dc6253846630af7a701ee00ebd2730eca03c7e8e031d748b0e22e4", "e1e34869d005e3e5292f44022e01cc4eb3f045291ba01166908f97f4716e7a69", "effc63d7f86841cec3a4a76ed6c73f441e68c5ea02c3dee3faaaeda9fabc8cd8", "fc4c69b505f9178aa55b780cd8cde7c17927501046c7f0ebcd66959cd0dba2db"]
six = ["3350809f0555b11f552448330d0b52d5f24c91a322ea4a15ef22629740f3761c", "d16a0141ec1a18405cd4ce8b4613101da75da0e9a7aec5bdd4fa804d0e0eba73"]
spacy = ["0d80b079c2badb741723bb99e866adb06ff0cff067435fbac8f862a55261a40e", "1c6242c08f075b72b4bc8eacda33f7ade0e132b2743548cc7fa18ebeea830e9d", "1e2face83bb83fc1ddc132577429dcfb247f4362680f16a9ac5b78a699a3ad98", "23b8382544afb5f0e8362c9d3c8a1dafa45b6a3b06a0663c3e48e6bcca7b91c0", "2edc25d517ed795afc799c72fe197b447d4ed2ec0152c1465f292e3b2d4bd558", "53d6185ca14435e9f1f93ef75ba5ff8fd5c6d96b948713d985f7b90629d582a0", "8fe4afa71f043aa068ab0ac4e572134f545c8f9a8988fce6fc9f5b4336b506a0", "9bd43fb037645c251744dd03fbc780dc657af94847c4b458bee7c236b892a238", "c5a61ea342f5b2a720ee593dd28b882741985c4c331deb3081b46c7f0cade8b1", "f828e6a0b6e38dbf903df73ed70813135f2bba637447ed1b7d2aaeb48b0df8c1"]
srsly = ["02ea974c4b80f9ffdea4f953ffece5a8715e4e4b37d09192ab65cf4edfbf74d1", "061ade35556e51b2e1da6f8552be7a6327d2d02b69edf0aacc9f5c4319d495f1", "1bf6af7a86f34969a3997da09fc8c2f72ee02cd74ff40035e37c2f968776fa23", "1e4ef85bf133e384f465865ba4e0a14a52c4f2e4b46c763faf100339a06f09c4", "850399e43f4cefdcac7a913363b120ea084cb02fcfdbbde1bd37444804d7def4", "977aa6e5fd3f7e9d1c8fe7aeed841dfe3ede75dfce04255d4c670e663faaef2a", "abdc5b46866648b123517550582dc4c4b767b816ae54c44e5973bbebc3f0dab4", "ac0dbe6e715e1fe3536397a9e65ec8f3c624c99f45b6f30e87d220071ef84721", "b8646f0f7cf6fd1de4919ab456d9c030e09e74f741a0cecc941363414109ccdc", "b9dc81339c1ab969057e790d7b2a56fd4da87336785bd671c86520e8272e3663", "d7c91f59edc2ceeca70adf1b0a46d337234ff4fb7ca2b579ca41885f011b329f", "d906a2a3df1cac2cb4bf382b8aaf14e22df2ca3758eba0d3049723c851c8ebf0", "ecec49c9cdaae4594011666dd654e1e044e552f63bb3a62a1849c65a92ee302e", "ef7897050c04a313f2db99c9bcaf2f0c3c75609677683ca5a6e1e7a515325d72"]
thinc = ["12c003b804fb93c64261a5010df0129f942234adb8f45d489a355a5315e06acf", "17f9ada01f1f77a5560bc16ec5a650dca08356b50727ded0df19f0dfb4a32a25", "26c9d54ffd90753feebbc462ae59939a9e3d2485ef24ed3dc1861c9b486fdbbe", "3258161fc2cefa4082f099dec3748f1dcef5e920df5e9d82258ea6ffec280b9a", "38a83b928cdc49c994852538f639b2a889681a0589c44b1a6fc3c899e5f36893", "3e76101a733bbb0b97d44bdbcb407678b9e2b487047acb6f4c19b72909a6b12f", "412f107c458d2951711b4d3ec53587244cd3acc032944e855f49cf94a1adc36e", "4948c10c61e627950900cdccf506eb7398d2b28f33cf72bb4b5d9c5c572925e7", "a8b2d7713a7dfc0b18b5c16db58ab6e015df14e4fbed0249ed49e630b2d6a86f", "ec99c2c65962157c7ee7b947d29f2775291860b81cba62c5bd9f92fdeca2d137", "f2386e66042218f19e511692926cef00a9646a3104d2efddfb5bec7b0388a83b", "fc0b37733591315afddee45823d4f6740f9b0567c1ba57a3a3c319669d1fcbad"]
tomlkit = ["d6506342615d051bc961f70bfcfa3d29b6616cc08a3ddfd4bc24196f16fd4ec2", "f077456d35303e7908cc233b340f71e0bec96f63429997f38ca9272b7d64029e"]
tqdm = ["0a860bf2683fdbb4812fe539a6c22ea3f1777843ea985cb8c3807db448a0f7ab", "e288416eecd4df19d12407d0c913cbf77aa8009d7fddb18f632aded3bdbdda6b"]
urllib3 = ["a53063d8b9210a7bdec15e7b272776b9d42b2fd6816401a0d43006ad2f9902db", "d363e3607d8de0c220d31950a8f38b18d5ba7c0830facd71a1c6b1036b7ce06c"]
wasabi = ["b4fbee9dd0c8f5cff6554c0463c565e2d52b7c844d7eccb477d29a6ff8567750", "f92c83e728bf1db6dc859ffc861afa328d2da8ef0c7a19300e5fb1bd5762b277"]
