[[package]]
category = "dev"
description = "Atomic file writes."
name = "atomicwrites"
optional = false
platform = "*"
python-versions = ">=2.7, !=3.0.*, !=3.1.*, !=3.2.*, !=3.3.*"
version = "1.2.1"

[[package]]
category = "dev"
description = "Classes Without Boilerplate"
name = "attrs"
optional = false
platform = "*"
python-versions = "*"
version = "18.2.0"

[[package]]
category = "main"
description = "A decorator for caching properties in classes."
name = "cached-property"
optional = false
platform = "*"
python-versions = "*"
version = "1.5.1"

[[package]]
category = "main"
description = "Python package for providing Mozilla's CA Bundle."
name = "certifi"
optional = false
platform = "*"
python-versions = "*"
version = "2018.8.24"

[[package]]
category = "main"
description = "Universal encoding detector for Python 2 and 3"
name = "chardet"
optional = false
platform = "*"
python-versions = "*"
version = "3.0.4"

[[package]]
category = "dev"
description = "Cross-platform colored terminal text."
name = "colorama"
optional = false
platform = "UNKNOWN"
python-versions = "*"
version = "0.3.9"

[package.requirements]
platform = "win32"

[[package]]
category = "main"
description = "Manage calls to calloc/free through Cython"
name = "cymem"
optional = false
platform = "UNKNOWN"
python-versions = "*"
version = "1.31.2"

[[package]]
category = "main"
description = "Cython implementation of Toolz: High performance functional utilities"
name = "cytoolz"
optional = false
platform = "*"
python-versions = "*"
version = "0.9.0.1"

[package.dependencies]
toolz = ">=0.8.0"

[[package]]
category = "main"
description = "Pure-python reader for DAWGs (DAFSAs) created by dawgdic C++ library or DAWG Python extension."
name = "dawg-python"
optional = true
platform = "UNKNOWN"
python-versions = "*"
version = "0.7.2"

[[package]]
category = "main"
description = "serialize all of python"
name = "dill"
optional = false
platform = "Linux"
python-versions = "*"
version = "0.2.8.2"

[[package]]
category = "main"
description = "Pythonic argument parser, that will make you smile"
name = "docopt"
optional = true
platform = "UNKNOWN"
python-versions = "*"
version = "0.6.2"

[[package]]
category = "main"
description = "Module for the Hunspell spellchecker engine"
name = "hunspell"
optional = true
platform = "*"
python-versions = "*"
version = "0.5.5"

[[package]]
category = "main"
description = ""
name = "hunspell-serializable"
optional = true
platform = "*"
python-versions = "*"
version = "1.0.0"

[package.dependencies]
hunspell = "*"

[package.source]
reference = "49c00fabf94cacf9e6a23a0cd666aac10cb1d491"
type = "git"
url = "https://github.com/rominf/hunspell_serializable"
[[package]]
category = "main"
description = "Internationalized Domain Names in Applications (IDNA)"
name = "idna"
optional = false
platform = "*"
python-versions = "*"
version = "2.7"

[[package]]
category = "dev"
description = "More routines for operating on iterables, beyond itertools"
name = "more-itertools"
optional = false
platform = "*"
python-versions = "*"
version = "4.3.0"

[package.dependencies]
six = ">=1.0.0,<2.0.0"

[[package]]
category = "main"
description = "MessagePack (de)serializer."
name = "msgpack"
optional = false
platform = "*"
python-versions = "*"
version = "0.5.6"

[[package]]
category = "main"
description = "Numpy data serialization using msgpack"
name = "msgpack-numpy"
optional = false
platform = "*"
python-versions = "*"
version = "0.4.3.2"

[package.dependencies]
msgpack = ">=0.3.0"
numpy = ">=1.9.0"

[[package]]
category = "main"
description = "Cython bindings for MurmurHash2"
name = "murmurhash"
optional = false
platform = "*"
python-versions = "*"
version = "0.28.0"

[[package]]
category = "main"
description = "NumPy: array processing for numbers, strings, records, and objects."
name = "numpy"
optional = false
platform = "Windows"
python-versions = ">=2.7,!=3.0.*,!=3.1.*,!=3.2.*,!=3.3.*"
version = "1.15.1"

[[package]]
category = "main"
description = "A MutableSet that remembers its order, so that every entry has an index."
name = "ordered-set"
optional = false
platform = "any"
python-versions = ">=2.7"
version = "3.0.2"

[[package]]
category = "main"
description = "The smartest command line arguments parser in the world"
name = "plac"
optional = false
platform = "All"
python-versions = "*"
version = "0.9.6"

[[package]]
category = "dev"
description = "plugin and hook calling mechanisms for python"
name = "pluggy"
optional = false
platform = "unix"
python-versions = ">=2.7, !=3.0.*, !=3.1.*, !=3.2.*, !=3.3.*"
version = "0.7.1"

[[package]]
category = "main"
description = "Cython hash table that trusts the keys are pre-hashed"
name = "preshed"
optional = false
platform = "*"
python-versions = "*"
version = "1.0.1"

[package.dependencies]
cymem = ">=1.30,<1.32.0"

[[package]]
category = "dev"
description = "library with cross-python path, ini-parsing, io, code, log facilities"
name = "py"
optional = false
platform = "unix"
python-versions = ">=2.7, !=3.0.*, !=3.1.*, !=3.2.*, !=3.3.*"
version = "1.6.0"

[[package]]
category = "main"
description = ""
name = "pyffs"
optional = true
platform = "*"
python-versions = "*"
version = "1.0"

[package.source]
reference = "6c805fbfd7771727138b169b32484b53c0b0fad1"
type = "git"
url = "https://github.com/rominf/pyffs/"
[[package]]
category = "main"
description = ""
name = "pymorphy2"
optional = true
platform = "*"
python-versions = "*"
version = "0.8"

[package.dependencies]
dawg-python = ">=0.7.1"
docopt = ">=0.6"
pymorphy2-dicts-ru = ">=2.4,<3.0"

[package.source]
reference = "ca1c13f6998ae2d835bdd5033c17197dcba84cf4"
type = "git"
url = "https://github.com/kmike/pymorphy2/"
[[package]]
category = "main"
description = "Russian dictionaries for pymorphy2"
name = "pymorphy2-dicts-ru"
optional = true
platform = "*"
python-versions = "*"
version = "2.4.404381.4453942"

[[package]]
category = "dev"
description = "pytest: simple powerful testing with Python"
name = "pytest"
optional = false
platform = "unix"
python-versions = ">=2.7, !=3.0.*, !=3.1.*, !=3.2.*, !=3.3.*"
version = "3.8.0"

[package.dependencies]
atomicwrites = ">=1.0"
attrs = ">=17.4.0"
more-itertools = ">=4.0.0"
pluggy = ">=0.7"
py = ">=1.5.0"
setuptools = "*"
six = ">=1.10.0"

[package.dependencies.colorama]
platform = "win32"
version = "*"

[[package]]
category = "main"
description = "Alternative regular expression module, to replace re."
name = "regex"
optional = false
platform = "UNKNOWN"
python-versions = "*"
version = "2017.04.05"

[[package]]
category = "main"
description = "Python HTTP for Humans."
name = "requests"
optional = false
platform = "*"
python-versions = ">=2.6, !=3.0.*, !=3.1.*, !=3.2.*, !=3.3.*"
version = "2.19.1"

[package.dependencies]
certifi = ">=2017.4.17"
chardet = ">=3.0.2,<3.1.0"
idna = ">=2.5,<2.8"
urllib3 = ">=1.21.1,<1.24"

[[package]]
category = "main"
description = "Python 2 and 3 compatibility utilities"
name = "six"
optional = false
platform = "*"
python-versions = "*"
version = "1.11.0"

[[package]]
category = "main"
description = "Industrial-strength Natural Language Processing (NLP) with Python and Cython"
name = "spacy"
optional = false
platform = "*"
python-versions = "*"
version = "2.0.12"

[package.dependencies]
cymem = ">=1.30,<1.32"
dill = ">=0.2,<0.3"
murmurhash = ">=0.28,<0.29"
numpy = ">=1.7"
plac = ">=0.9.6,<1.0.0"
preshed = ">=1.0.0,<2.0.0"
regex = "2017.4.5"
requests = ">=2.13.0,<3.0.0"
thinc = ">=6.10.3,<6.11.0"
ujson = ">=1.35"

[[package]]
category = "main"
description = "Practical Machine Learning for NLP"
name = "thinc"
optional = false
platform = "*"
python-versions = "*"
version = "6.10.3"

[package.dependencies]
cymem = ">=1.30.0,<1.32.0"
cytoolz = ">=0.9.0,<0.10"
dill = ">=0.2.7,<0.3.0"
msgpack = ">=0.5.6,<1.0.0"
msgpack-numpy = ">=0.4.1,<1.0.0"
murmurhash = ">=0.28.0,<0.29.0"
numpy = ">=1.7.0"
plac = ">=0.9.6,<1.0.0"
preshed = ">=1.0.0,<2.0.0"
six = ">=1.10.0,<2.0.0"
tqdm = ">=4.10.0,<5.0.0"
wrapt = ">=1.10.0,<1.11.0"

[[package]]
category = "main"
description = "List processing tools and functional utilities"
name = "toolz"
optional = false
platform = "*"
python-versions = "*"
version = "0.9.0"

[[package]]
category = "main"
description = "Fast, Extensible Progress Meter"
name = "tqdm"
optional = false
platform = "any"
python-versions = ">=2.6, !=3.0.*, !=3.1.*"
version = "4.26.0"

[[package]]
category = "main"
description = "Ultra fast JSON encoder and decoder for Python"
name = "ujson"
optional = false
platform = "any"
python-versions = "*"
version = "1.35"

[[package]]
category = "main"
description = "HTTP library with thread-safe connection pooling, file post, and more."
name = "urllib3"
optional = false
platform = "*"
python-versions = ">=2.6, !=3.0.*, !=3.1.*, !=3.2.*, !=3.3.*, <4"
version = "1.23"

[[package]]
category = "main"
description = "Module for decorators, wrappers and monkey patching."
name = "wrapt"
optional = false
platform = "*"
python-versions = "*"
version = "1.10.11"

[extras]
deep-analysis = ["hunspell_serializable", "pyffs"]
multilingual = []
pymorphy2-ru = ["pymorphy2"]
pymorphy2-uk = ["pymorphy2"]

[metadata]
content-hash = "313b07dd7c68584e758f41894af9cee10b88fd4b495d81cd2e78a30de49760ba"
platform = "*"
python-versions = "^3.6"

[metadata.hashes]
atomicwrites = ["0312ad34fcad8fac3704d441f7b317e50af620823353ec657a53e981f92920c0", "ec9ae8adaae229e4f8446952d204a3e4b5fdd2d099f9be3aaf556120135fb3ee"]
attrs = ["10cbf6e27dbce8c30807caf056c8eb50917e0eaafe86347671b57254006c3e69", "ca4be454458f9dec299268d472aaa5a11f67a4ff70093396e1ceae9c76cf4bbb"]
cached-property = ["3a026f1a54135677e7da5ce819b0c690f156f37976f3e30c5430740725203d7f", "9217a59f14a5682da7c4b8829deadbfc194ac22e9908ccf7c8820234e80a1504"]
certifi = ["376690d6f16d32f9d1fe8932551d80b23e9d393a8578c5633a2ed39a64861638", "456048c7e371c089d0a77a5212fb37a2c2dce1e24146e3b7e0261736aaeaa22a"]
chardet = ["84ab92ed1c4d4f16916e05906b6b75a6c0fb5db821cc65e70cbd64a3e2a5eaae", "fc323ffcaeaed0e0a02bf4d117757b98aed530d9ed4531e3e15460124c106691"]
colorama = ["463f8483208e921368c9f306094eb6f725c6ca42b0f97e313cb5d5512459feda", "48eb22f4f8461b1df5734a074b57042430fb06e1d61bd1e11b078c0fe6d7a1f1"]
cymem = ["00bb3645dfb9a020d735ba3d6f822b04656388180588d8b2cebde967ee678bcc", "0dd61d05977839a922c0d797c355b98949210575918b1743b41e38ae9fb2c3a7", "4bc1056b52d959fcbb1e0f32ec84fa131754d6be1e36b65782c6ac86419f4bf3", "4c5d9ca6ec706792b8d9b1faf6db77b95545c388c768b21d940f197aa7efbb7e", "50292f4dd0d950a8698bae27d71efe59da7ff08e591b735e08b658aae42c4745", "616d06333f46dd03c128d97912d361183fc02249e6420a7b7907b41214c51562", "944af97d4d34a2470b5199f1c31d2dfc79cdec7bd7a41354d839a8ab87fdfaa6", "b38056efb99078b06c504adb5f03a8d9e822a5543451737b746028a71c4b1ac3", "b6513b2926c60d641f159e79e6fb16460dfb50ebcce31a5af0370c51837c7efc", "daa6003fcc199752ab703142021cff74774872a932303b240dc0ea177adf295d", "f06d9b50da0474d7405674d8101c319d89a17d33792d6d429fe3d5c64f0d9df1"]
cytoolz = ["84cc06fa40aa310f2df79dd440fc5f84c3e20f01f9f7783fc9c38d0a11ba00e5"]
dawg-python = ["4941d5df081b8d6fcb4597e073a9f60d5c1ccc9d17cd733e8744d7ecfec94ef3", "4a5e3286e6261cca02f205cfd5516a7ab10190fa30c51c28d345808f595e3421"]
dill = ["624dc244b94371bb2d6e7f40084228a2edfff02373fe20e018bef1ee92fdd5b3"]
docopt = ["49b3a825280bd66b3aa83585ef59c4a8c82f2c8a522dbe754a8bc8d08c85c491"]
hunspell = ["0f830b68bd8c392f4d5b4e21c38e28809e14d64ec67bde48272c920b63686f53"]
hunspell-serializable = []
idna = ["156a6814fb5ac1fc6850fb002e0852d56c0c8d2531923a51032d1b70760e186e", "684a38a6f903c1d71d6d5fac066b58d7768af4de2b832e426ec79c30daa94a16"]
more-itertools = ["c187a73da93e7a8acc0001572aebc7e3c69daf7bf6881a2cea10650bd4420092", "c476b5d3a34e12d40130bc2f935028b5f636df8f372dc2c1c01dc19681b2039e", "fcbfeaea0be121980e15bc97b3817b5202ca73d0eae185b4550cbfce2a3ebb3d"]
msgpack = ["0b3b1773d2693c70598585a34ca2715873ba899565f0a7c9a1545baef7e7fbdc", "0bae5d1538c5c6a75642f75a1781f3ac2275d744a92af1a453c150da3446138b", "0ee8c8c85aa651be3aa0cd005b5931769eaa658c948ce79428766f1bd46ae2c3", "1369f9edba9500c7a6489b70fdfac773e925342f4531f1e3d4c20ac3173b1ae0", "22d9c929d1d539f37da3d1b0e16270fa9d46107beab8c0d4d2bddffffe895cee", "2ff43e3247a1e11d544017bb26f580a68306cec7a6257d8818893c1fda665f42", "31a98047355d34d047fcdb55b09cb19f633cf214c705a765bd745456c142130c", "8767eb0032732c3a0da92cbec5ac186ef89a3258c6edca09161472ca0206c45f", "8acc8910218555044e23826980b950e96685dc48124a290c86f6f41a296ea172", "ab189a6365be1860a5ecf8159c248f12d33f79ea799ae9695fa6a29896dcf1d4", "cfd6535feb0f1cf1c7cdb25773e965cc9f92928244a8c3ef6f8f8a8e1f7ae5c4", "e274cd4480d8c76ec467a85a9c6635bbf2258f0649040560382ab58cabb44bcf", "f86642d60dca13e93260187d56c2bef2487aa4d574a669e8ceefcf9f4c26fd00", "f8a57cbda46a94ed0db55b73e6ab0c15e78b4ede8690fa491a0e55128d552bb0", "fcea97a352416afcbccd7af9625159d80704a25c519c251c734527329bb20d0e"]
msgpack-numpy = ["0a8256ffcbee7fef50eff89a452e8873089e03d0bf88d83af87023ac71fdcf68", "7253c389db3d858101bc38272c2f14936f5760e889cccf0d5683375327b6915d"]
murmurhash = ["651137ed3e1169342c9edade454f3beb7fcdf28d4ad1ac232725237eaf442d9a"]
numpy = ["1c362ad12dd09a43b348bb28dd2295dd9cdf77f41f0f45965e04ba97f525b864", "2156a06bd407918df4ac0122df6497a9c137432118f585e5b17d543e593d1587", "24e4149c38489b51fc774b1e1faa9103e82f73344d7a00ba66f6845ab4769f3f", "340ec1697d9bb3a9c464028af7a54245298502e91178bddb4c37626d36e197b7", "35db8d419345caa4eeaa65cd63f34a15208acd87530a30f0bc25fc84f55c8c80", "361370e9b7f5e44c41eee29f2bb5cb3b755abb4b038bce6d6cbe08db7ff9cb74", "36e8dcd1813ca92ce7e4299120cee6c03adad33d89b54862c1b1a100443ac399", "378378973546ecc1dfaf9e24c160d683dd04df871ecd2dcc86ce658ca20f92c0", "419e6faee16097124ee627ed31572c7e80a1070efa25260b78097cca240e219a", "4287104c24e6a09b9b418761a1e7b1bbde65105f110690ca46a23600a3c606b8", "549f3e9778b148a47f4fb4682955ed88057eb627c9fe5467f33507c536deda9d", "5e359e9c531075220785603e5966eef20ccae9b3b6b8a06fdfb66c084361ce92", "5ee7f3dbbdba0da75dec7e94bd7a2b10fe57a83e1b38e678200a6ad8e7b14fdc", "62d55e96ec7b117d3d5e618c15efcf769e70a6effaee5842857b64fb4883887a", "719b6789acb2bc86ea9b33a701d7c43dc2fc56d95107fd3c5b0a8230164d4dfb", "7a70f2b60d48828cba94a54a8776b61a9c2657a803d47f5785f8062e3a9c7c55", "7b9e37f194f8bcdca8e9e6af92e2cbad79e360542effc2dd6b98d63955d8d8a3", "83b8fc18261b70f45bece2d392537c93dc81eb6c539a16c9ac994c47fc79f09a", "9473ad28375710ab18378e72b59422399b27e957e9339c413bf00793b4b12df0", "95b085b253080e5d09f7826f5e27dce067bae813a132023a77b739614a29de6e", "98b86c62c08c2e5dc98a9c856d4a95329d11b1c6058cb9b5191d5ea6891acd09", "a3bd01d6d3ed3d7c06d7f9979ba5d68281f15383fafd53b81aa44b9191047cf8", "c81a6afc1d2531a9ada50b58f8c36197f8418ef3d0611d4c1d7af93fdcda764f", "ce75ed495a746e3e78cfa22a77096b3bff2eda995616cb7a542047f233091268", "dae8618c0bcbfcf6cf91350f8abcdd84158323711566a8c5892b5c7f832af76f", "df0b02c6705c5d1c25cc35c7b5d6b6f9b3b30833f9d178843397ae55ecc2eebb", "e3660744cda0d94b90141cdd0db9308b958a372cfeee8d7188fdf5ad9108ea82", "f2362d0ca3e16c37782c1054d7972b8ad2729169567e3f0f4e5dd3cdf85f188e"]
ordered-set = ["7d292b866fa44f339ac6e624e3d338accfb415ce0a8431595d51990fbdf61d3b"]
plac = ["854693ad90367e8267112ffbb8955f57d6fdeac3191791dc9ffce80f87fd2370", "ba3f719a018175f0a15a6b04e6cc79c25fd563d348aacd320c3644d2a9baf89b"]
pluggy = ["6e3836e39f4d36ae72840833db137f7b7d35105079aee6ec4a62d9f80d594dd1", "95eb8364a4708392bae89035f45341871286a333f749c3141c20573d2b3876e1"]
preshed = ["7b99ace606143a922163a7ff7ad4969b296288f5b20b9c9bda328caec3b92f71"]
py = ["06a30435d058473046be836d3fc4f27167fd84c45b99704f2fb5509ef61f9af1", "50402e9d1c9005d759426988a492e0edaadb7f4e68bcddfea586bc7432d009c6"]
pyffs = []
pymorphy2 = []
pymorphy2-dicts-ru = ["13b6122ed9572ca6b2cf60246f6ee87d38a08a6ca42b263e1fb8a313bf3c80ef", "e636a633de4d37b32939fd9f97c1e65b109a5a14f6c87a83d1f44f505020bd4c"]
pytest = ["453cbbbe5ce6db38717d282b758b917de84802af4288910c12442984bde7b823", "a8a07f84e680482eb51e244370aaf2caa6301ef265f37c2bdefb3dd3b663f99d"]
regex = ["19c4b0f68dd97b7116e590f47d60d97ab9e76966acc321b1d20dd87c2b64dff2", "1af6b820bec5ca82af87447af5a6dcc23b3ddc96b0184fd71666be0c24fb2a4f", "232dbc28a2562d92d713c3c1eb2b9276f3ebcbdb6d3e96ff68d0417a71926784", "3d26ce7e605a501509b68c343fc9d9e09f76c2e9e261df8183027bdc750c97ce", "52b590a41b9677314d02d9055edc33992db758b3d5167aa1365229a6a0c26a6d", "565f9aac9cd43b2351f7fcbc0d6056f8aebf4f6d049a17982085019ab9acdf28", "656984899644d3fe2e40533724f513a21127f77162a15dd5244af3c965152c63", "689c9d17c3ba02f52e8481a5c584c8c11ba27d6cc5f939efdd838ae0d0d1af41", "8a9d9db8ef1621ae51ea12acb5e503204b4586e05c6cfd418aecb9466a71bd87", "ad2beea450d551b11b47512ce920127d7c8645e528cc56dc9502c5973e8732f3", "b39867f577bc59b2fec9209facc513c761978e4ac63f4b73b9750a2c1501729e", "b6a7725a069be8f9dd09e1e500e5b57556b301942e21c8c712627f73ec048286", "b9e9b97696e75e826adac1920b13e7bac3a6a2128c085783abd208d73a278d70", "bf4896ed1ca2017153fc6b341bc8a0da8ca5480f85eebd7bfe58bbafceb4e728", "c3c2fe1e0d90f4c93be5b588480f05defd44f64c65767a657de69c4db4429a39", "d811874ed669165fe1059a54f860db5c6ab5f48100bf4945d915fd2f877b2531", "db616380b04e29e5709bc3ec0674e827dfed3d18e7d686c09537ab01506127c9", "efa66273b49dbd7a9f6a4d02d1a7d5bf353d568a89f7cd8927812daa9f83bb84", "f8feab5b517cdc65a61a50549e7dcfa0f61ab872a0034da1f6b8d61775178b6a"]
requests = ["63b52e3c866428a224f97cab011de738c36aec0185aa91cfacd418b5d58911d1", "ec22d826a36ed72a7358ff3fe56cbd4ba69dd7a6718ffd450ff0e9df7a47ce6a"]
six = ["70e8a77beed4562e7f14fe23a786b54f6296e34344c23bc42f07b15018ff98e9", "832dc0e10feb1aa2c68dcc57dbb658f1c7e65b9b61af69048abc87a2db00a0eb"]
spacy = ["b220ebee412c19613c26b2c1870b60473834bd686cec49553ce5f184164d3359"]
thinc = ["6e89d60f6165685837ebaff6a978ea9ca2b6c8c551a0886125c27de42e8fcf04"]
toolz = ["929f0a7ea7f61c178bd951bdae93920515d3fbdbafc8e6caf82d752b9b3b31c9"]
tqdm = ["18f1818ce951aeb9ea162ae1098b43f583f7d057b34d706f66939353d1208889", "df02c0650160986bac0218bb07952245fc6960d23654648b5d5526ad5a4128c9"]
ujson = ["f66073e5506e91d204ab0c614a148d5aa938bdbf104751be66f8ad7a222f5f86"]
urllib3 = ["a68ac5e15e76e7e5dd2b8f94007233e01effe3e50e8daddf69acfd81cb686baf", "b5725a0bd4ba422ab0e66e89e030c806576753ea3ee08554382c14e685d117b5"]
wrapt = ["d4d560d479f2c21e1b5443bbd15fe7ec4b37fe7e53d335d3b9b0a7b1226fe3c6"]
